
Microsoft Visual Studio Solution File, Format Version 12.00
# Visual Studio Version 17
VisualStudioVersion = 17.1.32414.318
MinimumVisualStudioVersion = 10.0.40219.1
Project("{FAE04EC0-301F-11D3-BF4B-00C04F79EFBC}") = "Coins", "Coins\Coins.csproj", "{8E0C3A8A-3E78-4E7A-9C04-E9D454A04EDE}"
EndProject
Global
	GlobalSection(SolutionConfigurationPlatforms) = preSolution
		Debug|Any CPU = Debug|Any CPU
		Release|Any CPU = Release|Any CPU
	EndGlobalSection
	GlobalSection(ProjectConfigurationPlatforms) = postSolution
		{8E0C3A8A-3E78-4E7A-9C04-E9D454A04EDE}.Debug|Any CPU.ActiveCfg = Debug|Any CPU
		{8E0C3A8A-3E78-4E7A-9C04-E9D454A04EDE}.Debug|Any CPU.Build.0 = Debug|Any CPU
		{8E0C3A8A-3E78-4E7A-9C04-E9D454A04EDE}.Release|Any CPU.ActiveCfg = Release|Any CPU
		{8E0C3A8A-3E78-4E7A-9C04-E9D454A04EDE}.Release|Any CPU.Build.0 = Release|Any CPU
	EndGlobalSection
	GlobalSection(SolutionProperties) = preSolution
		HideSolutionNode = FALSE
	EndGlobalSection
	GlobalSection(ExtensibilityGlobals) = postSolution
		SolutionGuid = {28E2C3EB-43BD-497A-AE9C-38E79402AE10}
	EndGlobalSection
EndGlobal
